
Microsoft Visual Studio Solution File, Format Version 12.00
Project("{FAE04EC0-301F-11D3-BF4B-00C04F79EFBC}") = "API", "API\API.csproj", "{15C0FEDB-17D0-41A1-9DFF-8A9AE17CF988}"
EndProject
Project("{FAE04EC0-301F-11D3-BF4B-00C04F79EFBC}") = "Application", "Application\Application.csproj", "{C422F4C1-3D88-40E3-922F-070369C8A2C3}"
EndProject
Project("{FAE04EC0-301F-11D3-BF4B-00C04F79EFBC}") = "Persistence", "Persistence\Persistence.csproj", "{9AD8325C-8AE6-4E29-9EB3-23BAF5E477A9}"
EndProject
Global
	GlobalSection(SolutionConfigurationPlatforms) = preSolution
		Debug|Any CPU = Debug|Any CPU
		Release|Any CPU = Release|Any CPU
	EndGlobalSection
	GlobalSection(ProjectConfigurationPlatforms) = postSolution
		{15C0FEDB-17D0-41A1-9DFF-8A9AE17CF988}.Debug|Any CPU.ActiveCfg = Debug|Any CPU
		{15C0FEDB-17D0-41A1-9DFF-8A9AE17CF988}.Debug|Any CPU.Build.0 = Debug|Any CPU
		{15C0FEDB-17D0-41A1-9DFF-8A9AE17CF988}.Release|Any CPU.ActiveCfg = Release|Any CPU
		{15C0FEDB-17D0-41A1-9DFF-8A9AE17CF988}.Release|Any CPU.Build.0 = Release|Any CPU
		{C422F4C1-3D88-40E3-922F-070369C8A2C3}.Debug|Any CPU.ActiveCfg = Debug|Any CPU
		{C422F4C1-3D88-40E3-922F-070369C8A2C3}.Debug|Any CPU.Build.0 = Debug|Any CPU
		{C422F4C1-3D88-40E3-922F-070369C8A2C3}.Release|Any CPU.ActiveCfg = Release|Any CPU
		{C422F4C1-3D88-40E3-922F-070369C8A2C3}.Release|Any CPU.Build.0 = Release|Any CPU
		{9AD8325C-8AE6-4E29-9EB3-23BAF5E477A9}.Debug|Any CPU.ActiveCfg = Debug|Any CPU
		{9AD8325C-8AE6-4E29-9EB3-23BAF5E477A9}.Debug|Any CPU.Build.0 = Debug|Any CPU
		{9AD8325C-8AE6-4E29-9EB3-23BAF5E477A9}.Release|Any CPU.ActiveCfg = Release|Any CPU
		{9AD8325C-8AE6-4E29-9EB3-23BAF5E477A9}.Release|Any CPU.Build.0 = Release|Any CPU
	EndGlobalSection
EndGlobal
